
Microsoft Visual Studio Solution File, Format Version 12.00
# Visual Studio Express 2013 for Windows Desktop
VisualStudioVersion = 12.0.30110.0
MinimumVisualStudioVersion = 10.0.40219.1
Project("{8BC9CEB8-8B4A-11D0-8D11-00A0C91BC942}") = "Crossbow", "Crossbow\Crossbow.vcxproj", "{25FE39EC-7727-460B-A793-07ADDA34B5FB}"
EndProject
Project("{8BC9CEB8-8B4A-11D0-8D11-00A0C91BC942}") = "lifegame", "lifegame\lifegame.vcxproj", "{ACB97F02-BB42-4431-9F65-D361197CE656}"
EndProject
Project("{8BC9CEB8-8B4A-11D0-8D11-00A0C91BC942}") = "A_C_Minus_Parser", "A_C_Minus_Parser\A_C_Minus_Parser.vcxproj", "{F909BD43-40E4-4A44-B73B-36EF216E344F}"
EndProject
Project("{8BC9CEB8-8B4A-11D0-8D11-00A0C91BC942}") = "DES_Encrypter", "DES_Encrypter\DES_Encrypter.vcxproj", "{79CA66CF-EB6B-4B77-8947-7448B618D6AC}"
EndProject
Project("{8BC9CEB8-8B4A-11D0-8D11-00A0C91BC942}") = "rvalue_reference", "rvalue_reference\rvalue_reference.vcxproj", "{CE032FC8-2919-4929-A297-8CF341054B8E}"
EndProject
Project("{8BC9CEB8-8B4A-11D0-8D11-00A0C91BC942}") = "string_reorder", "string_reorder\string_reorder.vcxproj", "{77395445-D5EE-4756-99E1-0B34175CAE67}"
EndProject
Project("{8BC9CEB8-8B4A-11D0-8D11-00A0C91BC942}") = "reduce_inversion_count", "reduce_inversion_count\reduce_inversion_count.vcxproj", "{7C746068-6B8B-47B2-A0E2-4891A3FACEA6}"
EndProject
Global
	GlobalSection(SolutionConfigurationPlatforms) = preSolution
		Debug|Win32 = Debug|Win32
		Release|Win32 = Release|Win32
	EndGlobalSection
	GlobalSection(ProjectConfigurationPlatforms) = postSolution
		{25FE39EC-7727-460B-A793-07ADDA34B5FB}.Debug|Win32.ActiveCfg = Debug|Win32
		{25FE39EC-7727-460B-A793-07ADDA34B5FB}.Debug|Win32.Build.0 = Debug|Win32
		{25FE39EC-7727-460B-A793-07ADDA34B5FB}.Release|Win32.ActiveCfg = Release|Win32
		{25FE39EC-7727-460B-A793-07ADDA34B5FB}.Release|Win32.Build.0 = Release|Win32
		{ACB97F02-BB42-4431-9F65-D361197CE656}.Debug|Win32.ActiveCfg = Debug|Win32
		{ACB97F02-BB42-4431-9F65-D361197CE656}.Debug|Win32.Build.0 = Debug|Win32
		{ACB97F02-BB42-4431-9F65-D361197CE656}.Release|Win32.ActiveCfg = Release|Win32
		{ACB97F02-BB42-4431-9F65-D361197CE656}.Release|Win32.Build.0 = Release|Win32
		{F909BD43-40E4-4A44-B73B-36EF216E344F}.Debug|Win32.ActiveCfg = Debug|Win32
		{F909BD43-40E4-4A44-B73B-36EF216E344F}.Debug|Win32.Build.0 = Debug|Win32
		{F909BD43-40E4-4A44-B73B-36EF216E344F}.Release|Win32.ActiveCfg = Release|Win32
		{F909BD43-40E4-4A44-B73B-36EF216E344F}.Release|Win32.Build.0 = Release|Win32
		{79CA66CF-EB6B-4B77-8947-7448B618D6AC}.Debug|Win32.ActiveCfg = Debug|Win32
		{79CA66CF-EB6B-4B77-8947-7448B618D6AC}.Debug|Win32.Build.0 = Debug|Win32
		{79CA66CF-EB6B-4B77-8947-7448B618D6AC}.Release|Win32.ActiveCfg = Release|Win32
		{79CA66CF-EB6B-4B77-8947-7448B618D6AC}.Release|Win32.Build.0 = Release|Win32
		{CE032FC8-2919-4929-A297-8CF341054B8E}.Debug|Win32.ActiveCfg = Debug|Win32
		{CE032FC8-2919-4929-A297-8CF341054B8E}.Debug|Win32.Build.0 = Debug|Win32
		{CE032FC8-2919-4929-A297-8CF341054B8E}.Release|Win32.ActiveCfg = Release|Win32
		{CE032FC8-2919-4929-A297-8CF341054B8E}.Release|Win32.Build.0 = Release|Win32
		{77395445-D5EE-4756-99E1-0B34175CAE67}.Debug|Win32.ActiveCfg = Debug|Win32
		{77395445-D5EE-4756-99E1-0B34175CAE67}.Debug|Win32.Build.0 = Debug|Win32
		{77395445-D5EE-4756-99E1-0B34175CAE67}.Release|Win32.ActiveCfg = Release|Win32
		{77395445-D5EE-4756-99E1-0B34175CAE67}.Release|Win32.Build.0 = Release|Win32
		{7C746068-6B8B-47B2-A0E2-4891A3FACEA6}.Debug|Win32.ActiveCfg = Debug|Win32
		{7C746068-6B8B-47B2-A0E2-4891A3FACEA6}.Debug|Win32.Build.0 = Debug|Win32
		{7C746068-6B8B-47B2-A0E2-4891A3FACEA6}.Release|Win32.ActiveCfg = Release|Win32
		{7C746068-6B8B-47B2-A0E2-4891A3FACEA6}.Release|Win32.Build.0 = Release|Win32
	EndGlobalSection
	GlobalSection(SolutionProperties) = preSolution
		HideSolutionNode = FALSE
	EndGlobalSection
EndGlobal
